
Microsoft Visual Studio Solution File, Format Version 12.00
# Visual Studio Version 16
VisualStudioVersion = 16.0.33927.289
MinimumVisualStudioVersion = 10.0.40219.1
Project("{2150E333-8FDC-42A3-9474-1A3956D46DE8}") = "Task0", "Task0", "{2F61DFB4-97B3-459F-B5F9-2D90C1FF30E6}"
EndProject
Project("{FAE04EC0-301F-11D3-BF4B-00C04F79EFBC}") = "Tyuiu.ShabukovDV.Sprint2.Task0.V1", "Tyuiu.ShabukovDV.Sprint2.Task0.V1\Tyuiu.ShabukovDV.Sprint2.Task0.V1.csproj", "{43B883D9-7075-4EA0-A528-AAA1E00BF462}"
EndProject
Project("{FAE04EC0-301F-11D3-BF4B-00C04F79EFBC}") = "Tyuiu.ShabukovDV.Sprint2.Task0.V1.Lib", "Tyuiu.ShabukovDV.Sprint2.Task0.V1.Lib\Tyuiu.ShabukovDV.Sprint2.Task0.V1.Lib.csproj", "{64B35AE5-B02C-40FE-A071-0965AA1B9326}"
EndProject
Project("{FAE04EC0-301F-11D3-BF4B-00C04F79EFBC}") = "Tyuiu.ShabukovDV.Sprint2.Task0.V1.Test", "Tyuiu.ShabukovDV.Sprint2.Task0.V1.Test\Tyuiu.ShabukovDV.Sprint2.Task0.V1.Test.csproj", "{BF929B98-EB4A-48CD-987F-EE375FA66E36}"
EndProject
Project("{2150E333-8FDC-42A3-9474-1A3956D46DE8}") = "Task1", "Task1", "{C5FA16A9-5586-41B2-ACF1-17643BAB616A}"
EndProject
Project("{FAE04EC0-301F-11D3-BF4B-00C04F79EFBC}") = "Tyuiu.ShabukovDV.Sprint2.Task1.V7", "Tyuiu.ShabukovDV.Sprint2.Task1.V7\Tyuiu.ShabukovDV.Sprint2.Task1.V7.csproj", "{EFCABD3F-C3F1-4C41-98B5-D25E38B1E015}"
EndProject
Project("{FAE04EC0-301F-11D3-BF4B-00C04F79EFBC}") = "Tyuiu.ShabukovDV.Sprint2.Task1.V7.Test", "Tyuiu.ShabukovDV.Sprint2.Task1.V7.Test\Tyuiu.ShabukovDV.Sprint2.Task1.V7.Test.csproj", "{6757EE16-9310-4D57-8426-221363997EA7}"
EndProject
Project("{FAE04EC0-301F-11D3-BF4B-00C04F79EFBC}") = "Tyuiu.ShabukovDV.Sprint2.Task1.V7.Lib", "Tyuiu.ShabukovDV.Sprint2.Task1.V7.Lib\Tyuiu.ShabukovDV.Sprint2.Task1.V7.Lib.csproj", "{2316C3C6-3570-4376-B549-AA5E36BBD633}"
EndProject
Project("{2150E333-8FDC-42A3-9474-1A3956D46DE8}") = "Task2", "Task2", "{591C8E8E-5EA4-401F-BF74-FC66549EC795}"
EndProject
Project("{FAE04EC0-301F-11D3-BF4B-00C04F79EFBC}") = "Tyuiu.ShabukovDV.Sprint2.Task3.V26", "Tyuiu.ShabukovDV.Sprint2.Task3.V26\Tyuiu.ShabukovDV.Sprint2.Task3.V26.csproj", "{6B5C59E4-8A62-4587-BBCF-11DCDFBBAE9C}"
EndProject
Project("{FAE04EC0-301F-11D3-BF4B-00C04F79EFBC}") = "Tyuiu.ShabukovDV.Sprint2.Task3.V26.Lib", "Tyuiu.ShabukovDV.Sprint2.Task3.V26.Lib\Tyuiu.ShabukovDV.Sprint2.Task3.V26.Lib.csproj", "{2A48E0E0-C6A4-4FD6-935F-67ECC25E5140}"
EndProject
Project("{FAE04EC0-301F-11D3-BF4B-00C04F79EFBC}") = "Tyuiu.ShabukovDV.Sprint2.Task3.V26.Test", "Tyuiu.ShabukovDV.Sprint2.Task3.V26.Test\Tyuiu.ShabukovDV.Sprint2.Task3.V26.Test.csproj", "{28B47136-9413-46D0-AC5B-975FDC2EA9E3}"
EndProject
Global
	GlobalSection(SolutionConfigurationPlatforms) = preSolution
		Debug|Any CPU = Debug|Any CPU
		Release|Any CPU = Release|Any CPU
	EndGlobalSection
	GlobalSection(ProjectConfigurationPlatforms) = postSolution
		{43B883D9-7075-4EA0-A528-AAA1E00BF462}.Debug|Any CPU.ActiveCfg = Debug|Any CPU
		{43B883D9-7075-4EA0-A528-AAA1E00BF462}.Debug|Any CPU.Build.0 = Debug|Any CPU
		{43B883D9-7075-4EA0-A528-AAA1E00BF462}.Release|Any CPU.ActiveCfg = Release|Any CPU
		{43B883D9-7075-4EA0-A528-AAA1E00BF462}.Release|Any CPU.Build.0 = Release|Any CPU
		{64B35AE5-B02C-40FE-A071-0965AA1B9326}.Debug|Any CPU.ActiveCfg = Debug|Any CPU
		{64B35AE5-B02C-40FE-A071-0965AA1B9326}.Debug|Any CPU.Build.0 = Debug|Any CPU
		{64B35AE5-B02C-40FE-A071-0965AA1B9326}.Release|Any CPU.ActiveCfg = Release|Any CPU
		{64B35AE5-B02C-40FE-A071-0965AA1B9326}.Release|Any CPU.Build.0 = Release|Any CPU
		{BF929B98-EB4A-48CD-987F-EE375FA66E36}.Debug|Any CPU.ActiveCfg = Debug|Any CPU
		{BF929B98-EB4A-48CD-987F-EE375FA66E36}.Debug|Any CPU.Build.0 = Debug|Any CPU
		{BF929B98-EB4A-48CD-987F-EE375FA66E36}.Release|Any CPU.ActiveCfg = Release|Any CPU
		{BF929B98-EB4A-48CD-987F-EE375FA66E36}.Release|Any CPU.Build.0 = Release|Any CPU
		{EFCABD3F-C3F1-4C41-98B5-D25E38B1E015}.Debug|Any CPU.ActiveCfg = Debug|Any CPU
		{EFCABD3F-C3F1-4C41-98B5-D25E38B1E015}.Debug|Any CPU.Build.0 = Debug|Any CPU
		{EFCABD3F-C3F1-4C41-98B5-D25E38B1E015}.Release|Any CPU.ActiveCfg = Release|Any CPU
		{EFCABD3F-C3F1-4C41-98B5-D25E38B1E015}.Release|Any CPU.Build.0 = Release|Any CPU
		{6757EE16-9310-4D57-8426-221363997EA7}.Debug|Any CPU.ActiveCfg = Debug|Any CPU
		{6757EE16-9310-4D57-8426-221363997EA7}.Debug|Any CPU.Build.0 = Debug|Any CPU
		{6757EE16-9310-4D57-8426-221363997EA7}.Release|Any CPU.ActiveCfg = Release|Any CPU
		{6757EE16-9310-4D57-8426-221363997EA7}.Release|Any CPU.Build.0 = Release|Any CPU
		{2316C3C6-3570-4376-B549-AA5E36BBD633}.Debug|Any CPU.ActiveCfg = Debug|Any CPU
		{2316C3C6-3570-4376-B549-AA5E36BBD633}.Debug|Any CPU.Build.0 = Debug|Any CPU
		{2316C3C6-3570-4376-B549-AA5E36BBD633}.Release|Any CPU.ActiveCfg = Release|Any CPU
		{2316C3C6-3570-4376-B549-AA5E36BBD633}.Release|Any CPU.Build.0 = Release|Any CPU
		{6B5C59E4-8A62-4587-BBCF-11DCDFBBAE9C}.Debug|Any CPU.ActiveCfg = Debug|Any CPU
		{6B5C59E4-8A62-4587-BBCF-11DCDFBBAE9C}.Debug|Any CPU.Build.0 = Debug|Any CPU
		{6B5C59E4-8A62-4587-BBCF-11DCDFBBAE9C}.Release|Any CPU.ActiveCfg = Release|Any CPU
		{6B5C59E4-8A62-4587-BBCF-11DCDFBBAE9C}.Release|Any CPU.Build.0 = Release|Any CPU
		{2A48E0E0-C6A4-4FD6-935F-67ECC25E5140}.Debug|Any CPU.ActiveCfg = Debug|Any CPU
		{2A48E0E0-C6A4-4FD6-935F-67ECC25E5140}.Debug|Any CPU.Build.0 = Debug|Any CPU
		{2A48E0E0-C6A4-4FD6-935F-67ECC25E5140}.Release|Any CPU.ActiveCfg = Release|Any CPU
		{2A48E0E0-C6A4-4FD6-935F-67ECC25E5140}.Release|Any CPU.Build.0 = Release|Any CPU
		{28B47136-9413-46D0-AC5B-975FDC2EA9E3}.Debug|Any CPU.ActiveCfg = Debug|Any CPU
		{28B47136-9413-46D0-AC5B-975FDC2EA9E3}.Debug|Any CPU.Build.0 = Debug|Any CPU
		{28B47136-9413-46D0-AC5B-975FDC2EA9E3}.Release|Any CPU.ActiveCfg = Release|Any CPU
		{28B47136-9413-46D0-AC5B-975FDC2EA9E3}.Release|Any CPU.Build.0 = Release|Any CPU
	EndGlobalSection
	GlobalSection(SolutionProperties) = preSolution
		HideSolutionNode = FALSE
	EndGlobalSection
	GlobalSection(NestedProjects) = preSolution
		{43B883D9-7075-4EA0-A528-AAA1E00BF462} = {2F61DFB4-97B3-459F-B5F9-2D90C1FF30E6}
		{64B35AE5-B02C-40FE-A071-0965AA1B9326} = {2F61DFB4-97B3-459F-B5F9-2D90C1FF30E6}
		{BF929B98-EB4A-48CD-987F-EE375FA66E36} = {2F61DFB4-97B3-459F-B5F9-2D90C1FF30E6}
		{EFCABD3F-C3F1-4C41-98B5-D25E38B1E015} = {C5FA16A9-5586-41B2-ACF1-17643BAB616A}
		{6757EE16-9310-4D57-8426-221363997EA7} = {C5FA16A9-5586-41B2-ACF1-17643BAB616A}
		{2316C3C6-3570-4376-B549-AA5E36BBD633} = {C5FA16A9-5586-41B2-ACF1-17643BAB616A}
		{6B5C59E4-8A62-4587-BBCF-11DCDFBBAE9C} = {591C8E8E-5EA4-401F-BF74-FC66549EC795}
		{2A48E0E0-C6A4-4FD6-935F-67ECC25E5140} = {591C8E8E-5EA4-401F-BF74-FC66549EC795}
		{28B47136-9413-46D0-AC5B-975FDC2EA9E3} = {591C8E8E-5EA4-401F-BF74-FC66549EC795}
	EndGlobalSection
	GlobalSection(ExtensibilityGlobals) = postSolution
		SolutionGuid = {EDBC6523-9F5B-4952-97CF-3DD8F1867BA1}
	EndGlobalSection
EndGlobal
